{
  "name": "snapsng-practice",
  "version": "1.0.0",
  "lockfileVersion": 1,
  "requires": true,
  "dependencies": {
    "@types/mina": {
      "version": "0.4.0",
      "resolved": "https://registry.npmjs.org/@types/mina/-/mina-0.4.0.tgz",
      "integrity": "sha512-XZxCRyOmzwgq8j8Zsr4iPZMSf8cw6cyLCGVmP+ktkY+qjplarSTL2JC4YkLfJESjK/JsMJcJugDSTHdPhFVS0A==",
      "dev": true
    },
    "@types/raphael": {
      "version": "2.1.30",
      "resolved": "https://registry.npmjs.org/@types/raphael/-/raphael-2.1.30.tgz",
      "integrity": "sha1-dsvqSlVrol6xxtf6XnGsSOcvgc8="
    },
    "@types/snapsvg": {
      "version": "0.4.29",
      "resolved": "https://registry.npmjs.org/@types/snapsvg/-/snapsvg-0.4.29.tgz",
      "integrity": "sha512-p7rbG+wIvMGeXk+T8aod1uJASGY2xMUCwHH7kSlGNR2FqEyVnGsA40W5NMS3JANCIDp4CNK3HWLo2PPUDQa20g==",
      "dev": true,
      "requires": {
        "@types/mina": "0.4.0"
      }
    },
    "eve": {
      "version": "0.5.4",
      "resolved": "https://registry.npmjs.org/eve/-/eve-0.5.4.tgz",
      "integrity": "sha1-Z9CAuXJSkdfjieNMJoYN2X8d66o=",
      "dev": true
    },
    "eve-raphael": {
      "version": "0.5.0",
      "resolved": "https://registry.npmjs.org/eve-raphael/-/eve-raphael-0.5.0.tgz",
      "integrity": "sha1-F8dUt5K+7z+maE15z1pHxjxM2jA="
    },
    "raphael": {
      "version": "2.2.7",
      "resolved": "https://registry.npmjs.org/raphael/-/raphael-2.2.7.tgz",
      "integrity": "sha1-IxsZFB+NCGmG2PrOtm+LVi7iyBA=",
      "requires": {
        "eve-raphael": "0.5.0"
      }
    },
    "snapsvg": {
      "version": "0.5.1",
      "resolved": "https://registry.npmjs.org/snapsvg/-/snapsvg-0.5.1.tgz",
      "integrity": "sha1-DK9Sx5GJopB0b8RGzF6GP2vd3+M=",
      "dev": true,
      "requires": {
        "eve": "0.5.4"
      }
    }
  }
}
